
Microsoft Visual Studio Solution File, Format Version 12.00
# Visual Studio Version 17
VisualStudioVersion = 17.4.33213.308
MinimumVisualStudioVersion = 10.0.40219.1
Project("{FAE04EC0-301F-11D3-BF4B-00C04F79EFBC}") = "ClassLibraryTransactionTDD", "ClassLibraryTransactionTDD\ClassLibraryTransactionTDD.csproj", "{D6C94D66-6FD0-49D3-BA43-1965B0EA7A25}"
EndProject
Project("{FAE04EC0-301F-11D3-BF4B-00C04F79EFBC}") = "TestProjectTransactionTDD", "TestProjectTransactionTDD\TestProjectTransactionTDD.csproj", "{39AACA10-7C4B-46A6-9BBF-0C4B509C712E}"
EndProject
Global
	GlobalSection(SolutionConfigurationPlatforms) = preSolution
		Debug|Any CPU = Debug|Any CPU
		Release|Any CPU = Release|Any CPU
	EndGlobalSection
	GlobalSection(ProjectConfigurationPlatforms) = postSolution
		{D6C94D66-6FD0-49D3-BA43-1965B0EA7A25}.Debug|Any CPU.ActiveCfg = Debug|Any CPU
		{D6C94D66-6FD0-49D3-BA43-1965B0EA7A25}.Debug|Any CPU.Build.0 = Debug|Any CPU
		{D6C94D66-6FD0-49D3-BA43-1965B0EA7A25}.Release|Any CPU.ActiveCfg = Release|Any CPU
		{D6C94D66-6FD0-49D3-BA43-1965B0EA7A25}.Release|Any CPU.Build.0 = Release|Any CPU
		{39AACA10-7C4B-46A6-9BBF-0C4B509C712E}.Debug|Any CPU.ActiveCfg = Debug|Any CPU
		{39AACA10-7C4B-46A6-9BBF-0C4B509C712E}.Debug|Any CPU.Build.0 = Debug|Any CPU
		{39AACA10-7C4B-46A6-9BBF-0C4B509C712E}.Release|Any CPU.ActiveCfg = Release|Any CPU
		{39AACA10-7C4B-46A6-9BBF-0C4B509C712E}.Release|Any CPU.Build.0 = Release|Any CPU
	EndGlobalSection
	GlobalSection(SolutionProperties) = preSolution
		HideSolutionNode = FALSE
	EndGlobalSection
	GlobalSection(ExtensibilityGlobals) = postSolution
		SolutionGuid = {88882F3A-2311-4BEF-9BDB-BC2D07ED2591}
	EndGlobalSection
EndGlobal
